
Microsoft Visual Studio Solution File, Format Version 12.00
# Visual Studio Version 17
VisualStudioVersion = 17.5.33516.290
MinimumVisualStudioVersion = 10.0.40219.1
Project("{FAE04EC0-301F-11D3-BF4B-00C04F79EFBC}") = "cw3", "cw3.csproj", "{ADD387E9-8FE6-45BB-AEF4-4ADB2AE55FD8}"
EndProject
Global
	GlobalSection(SolutionConfigurationPlatforms) = preSolution
		Debug|Any CPU = Debug|Any CPU
		Release|Any CPU = Release|Any CPU
	EndGlobalSection
	GlobalSection(ProjectConfigurationPlatforms) = postSolution
		{ADD387E9-8FE6-45BB-AEF4-4ADB2AE55FD8}.Debug|Any CPU.ActiveCfg = Debug|Any CPU
		{ADD387E9-8FE6-45BB-AEF4-4ADB2AE55FD8}.Debug|Any CPU.Build.0 = Debug|Any CPU
		{ADD387E9-8FE6-45BB-AEF4-4ADB2AE55FD8}.Release|Any CPU.ActiveCfg = Release|Any CPU
		{ADD387E9-8FE6-45BB-AEF4-4ADB2AE55FD8}.Release|Any CPU.Build.0 = Release|Any CPU
	EndGlobalSection
	GlobalSection(SolutionProperties) = preSolution
		HideSolutionNode = FALSE
	EndGlobalSection
	GlobalSection(ExtensibilityGlobals) = postSolution
		SolutionGuid = {57D4C5B1-CFDF-48AC-ABEA-82352D194BE1}
	EndGlobalSection
EndGlobal
